github.com/fivemeepo/demopkg v0.0.0-20221014095603-393b638d28f0 h1:1QdITCBa9e6Q6eGW06DGA5uo4kcHm/6bcFsbtTmUPcc=
github.com/fivemeepo/demopkg v0.0.0-20221014095603-393b638d28f0/go.mod h1:DN1hNKoIOia2f/SIA8QigepgcfmTzzhUDUeq1N1gogI=
github.com/fivemeepo/demopkg v0.0.0-20221014100151-c72837bdb9b6 h1:IujNyFMKXkp4L68FiTfLGwe2YcPXxRSOWoFEBZftRBM=
github.com/fivemeepo/demopkg v0.0.0-20221014100151-c72837bdb9b6/go.mod h1:DN1hNKoIOia2f/SIA8QigepgcfmTzzhUDUeq1N1gogI=
